
Microsoft Visual Studio Solution File, Format Version 12.00
# Visual Studio Version 17
VisualStudioVersion = 17.13.35818.85 d17.13
MinimumVisualStudioVersion = 10.0.40219.1
Project("{888888A0-9F3D-457C-B088-3A5042F75D52}") = "FinSight", "FinSight\FinSight.pyproj", "{7ED1A171-03D2-4E35-81ED-4D3F4B76C1F4}"
EndProject
Global
	GlobalSection(SolutionConfigurationPlatforms) = preSolution
		Debug|Any CPU = Debug|Any CPU
		Release|Any CPU = Release|Any CPU
	EndGlobalSection
	GlobalSection(ProjectConfigurationPlatforms) = postSolution
		{7ED1A171-03D2-4E35-81ED-4D3F4B76C1F4}.Debug|Any CPU.ActiveCfg = Debug|Any CPU
		{7ED1A171-03D2-4E35-81ED-4D3F4B76C1F4}.Debug|Any CPU.Build.0 = Debug|Any CPU
		{7ED1A171-03D2-4E35-81ED-4D3F4B76C1F4}.Release|Any CPU.ActiveCfg = Release|Any CPU
		{7ED1A171-03D2-4E35-81ED-4D3F4B76C1F4}.Release|Any CPU.Build.0 = Release|Any CPU
	EndGlobalSection
	GlobalSection(SolutionProperties) = preSolution
		HideSolutionNode = FALSE
	EndGlobalSection
	GlobalSection(ExtensibilityGlobals) = postSolution
		SolutionGuid = {222CA179-912C-4072-8701-EFEDD31AF7A3}
	EndGlobalSection
EndGlobal
